
Microsoft Visual Studio Solution File, Format Version 12.00
# Visual Studio Version 16
VisualStudioVersion = 16.0.31424.327
MinimumVisualStudioVersion = 10.0.40219.1
Project("{FAE04EC0-301F-11D3-BF4B-00C04F79EFBC}") = "LockDemo", "LockDemo\LockDemo.csproj", "{C1B9B18D-BB43-4CCF-AEDE-3177A1F1024C}"
EndProject
Global
	GlobalSection(SolutionConfigurationPlatforms) = preSolution
		Debug|Any CPU = Debug|Any CPU
		Release|Any CPU = Release|Any CPU
	EndGlobalSection
	GlobalSection(ProjectConfigurationPlatforms) = postSolution
		{C1B9B18D-BB43-4CCF-AEDE-3177A1F1024C}.Debug|Any CPU.ActiveCfg = Debug|Any CPU
		{C1B9B18D-BB43-4CCF-AEDE-3177A1F1024C}.Debug|Any CPU.Build.0 = Debug|Any CPU
		{C1B9B18D-BB43-4CCF-AEDE-3177A1F1024C}.Release|Any CPU.ActiveCfg = Release|Any CPU
		{C1B9B18D-BB43-4CCF-AEDE-3177A1F1024C}.Release|Any CPU.Build.0 = Release|Any CPU
	EndGlobalSection
	GlobalSection(SolutionProperties) = preSolution
		HideSolutionNode = FALSE
	EndGlobalSection
	GlobalSection(ExtensibilityGlobals) = postSolution
		SolutionGuid = {761032D5-18C3-43DD-B04C-2741CAE6D6F5}
	EndGlobalSection
EndGlobal
